{
    "name": "BrowserQuest",
    "version": "0.0.1",
    "lockfileVersion": 3,
    "requires": true,
    "packages": {
        "": {
            "name": "BrowserQuest",
            "version": "0.0.1",
            "dependencies": {
                "bison": "file:./stubs/bison",
                "log": "^1.4.0",
                "memcache": "file:./stubs/memcache",
                "sanitizer": "file:./stubs/sanitizer",
                "underscore": ">0",
                "websocket": "file:./stubs/websocket",
                "websocket-server": "file:./stubs/websocket-server"
            }
        },
        "node_modules/bison": {
            "resolved": "stubs/bison",
            "link": true
        },
        "node_modules/log": {
            "version": "1.4.0",
            "resolved": "https://registry.npmmirror.com/log/-/log-1.4.0.tgz",
            "integrity": "sha512-NnLhcxIAbhdhuMU0jDG83YjAH8JQj8tXUTy54Ib+4owuXwerrYFI8+OsnK1Ez/cig8O859QK6u6g0aYph/X/zQ==",
            "engines": {
                "node": ">= 0.2.0"
            }
        },
        "node_modules/memcache": {
            "resolved": "stubs/memcache",
            "link": true
        },
        "node_modules/sanitizer": {
            "resolved": "stubs/sanitizer",
            "link": true
        },
        "node_modules/underscore": {
            "version": "1.13.8",
            "resolved": "https://registry.npmmirror.com/underscore/-/underscore-1.13.8.tgz",
            "integrity": "sha512-DXtD3ZtEQzc7M8m4cXotyHR+FAS18C64asBYY5vqZexfYryNNnDc02W4hKg3rdQuqOYas1jkseX0+nZXjTXnvQ==",
            "license": "MIT"
        },
        "node_modules/websocket": {
            "resolved": "stubs/websocket",
            "link": true
        },
        "node_modules/websocket-server": {
            "resolved": "stubs/websocket-server",
            "link": true
        },
        "stubs/bison": {
            "version": "0.0.1"
        },
        "stubs/memcache": {
            "version": "0.0.1"
        },
        "stubs/sanitizer": {
            "version": "0.0.1"
        },
        "stubs/websocket": {
            "version": "0.0.1"
        },
        "stubs/websocket-server": {
            "version": "0.0.1"
        }
    }
}
